// !$*UTF8*$!
{
	archiveVersion = 1;
	classes = {
	};
	objectVersion = 56;
	objects = {

/* Begin PBXBuildFile section */
		3C7DD4652A250E59002FA433 /* FructusApp.swift in Sources */ = {isa = PBXBuildFile; fileRef = 3C7DD4642A250E59002FA433 /* FructusApp.swift */; };
		3C7DD4672A250E59002FA433 /* ContentView.swift in Sources */ = {isa = PBXBuildFile; fileRef = 3C7DD4662A250E59002FA433 /* ContentView.swift */; };
		3C7DD4692A250E5B002FA433 /* Assets.xcassets in Resources */ = {isa = PBXBuildFile; fileRef = 3C7DD4682A250E5B002FA433 /* Assets.xcassets */; };
		3C7DD46C2A250E5B002FA433 /* Preview Assets.xcassets in Resources */ = {isa = PBXBuildFile; fileRef = 3C7DD46B2A250E5B002FA433 /* Preview Assets.xcassets */; };
		3C7DD4752A251303002FA433 /* FruitCardView.swift in Sources */ = {isa = PBXBuildFile; fileRef = 3C7DD4742A251303002FA433 /* FruitCardView.swift */; };
		3C7DD4772A2516FC002FA433 /* StartButtonView.swift in Sources */ = {isa = PBXBuildFile; fileRef = 3C7DD4762A2516FC002FA433 /* StartButtonView.swift */; };
		3C7DD4792A251989002FA433 /* OnboardingView.swift in Sources */ = {isa = PBXBuildFile; fileRef = 3C7DD4782A251989002FA433 /* OnboardingView.swift */; };
		3C7DD47C2A251B1E002FA433 /* FruitModel.swift in Sources */ = {isa = PBXBuildFile; fileRef = 3C7DD47B2A251B1E002FA433 /* FruitModel.swift */; };
		3C7DD47F2A251C03002FA433 /* FruitData.swift in Sources */ = {isa = PBXBuildFile; fileRef = 3C7DD47E2A251C03002FA433 /* FruitData.swift */; };
		3C7DD4812A252875002FA433 /* FruitRowView.swift in Sources */ = {isa = PBXBuildFile; fileRef = 3C7DD4802A252875002FA433 /* FruitRowView.swift */; };
		3C7DD4832A252CE3002FA433 /* FruitDetailView.swift in Sources */ = {isa = PBXBuildFile; fileRef = 3C7DD4822A252CE3002FA433 /* FruitDetailView.swift */; };
		3C7DD4852A253017002FA433 /* FruidHeaderView.swift in Sources */ = {isa = PBXBuildFile; fileRef = 3C7DD4842A253017002FA433 /* FruidHeaderView.swift */; };
		3C7DD4872A253240002FA433 /* SourceLinkView.swift in Sources */ = {isa = PBXBuildFile; fileRef = 3C7DD4862A253240002FA433 /* SourceLinkView.swift */; };
		3C7DD4892A253F08002FA433 /* FruitNutrientsView.swift in Sources */ = {isa = PBXBuildFile; fileRef = 3C7DD4882A253F08002FA433 /* FruitNutrientsView.swift */; };
		3C7DD48B2A2542D4002FA433 /* SettingsView.swift in Sources */ = {isa = PBXBuildFile; fileRef = 3C7DD48A2A2542D4002FA433 /* SettingsView.swift */; };
		3C7DD48D2A25474C002FA433 /* SettingsLabelView.swift in Sources */ = {isa = PBXBuildFile; fileRef = 3C7DD48C2A25474C002FA433 /* SettingsLabelView.swift */; };
		3C7DD48F2A254A60002FA433 /* SettingsRowView.swift in Sources */ = {isa = PBXBuildFile; fileRef = 3C7DD48E2A254A60002FA433 /* SettingsRowView.swift */; };
/* End PBXBuildFile section */

/* Begin PBXFileReference section */
		3C7DD4612A250E59002FA433 /* Fructus.app */ = {isa = PBXFileReference; explicitFileType = wrapper.application; includeInIndex = 0; path = Fructus.app; sourceTree = BUILT_PRODUCTS_DIR; };
		3C7DD4642A250E59002FA433 /* FructusApp.swift */ = {isa = PBXFileReference; lastKnownFileType = sourcecode.swift; path = FructusApp.swift; sourceTree = "<group>"; };
		3C7DD4662A250E59002FA433 /* ContentView.swift */ = {isa = PBXFileReference; lastKnownFileType = sourcecode.swift; path = ContentView.swift; sourceTree = "<group>"; };
		3C7DD4682A250E5B002FA433 /* Assets.xcassets */ = {isa = PBXFileReference; lastKnownFileType = folder.assetcatalog; path = Assets.xcassets; sourceTree = "<group>"; };
		3C7DD46B2A250E5B002FA433 /* Preview Assets.xcassets */ = {isa = PBXFileReference; lastKnownFileType = folder.assetcatalog; path = "Preview Assets.xcassets"; sourceTree = "<group>"; };
		3C7DD4742A251303002FA433 /* FruitCardView.swift */ = {isa = PBXFileReference; lastKnownFileType = sourcecode.swift; path = FruitCardView.swift; sourceTree = "<group>"; };
		3C7DD4762A2516FC002FA433 /* StartButtonView.swift */ = {isa = PBXFileReference; lastKnownFileType = sourcecode.swift; path = StartButtonView.swift; sourceTree = "<group>"; };
		3C7DD4782A251989002FA433 /* OnboardingView.swift */ = {isa = PBXFileReference; lastKnownFileType = sourcecode.swift; path = OnboardingView.swift; sourceTree = "<group>"; };
		3C7DD47B2A251B1E002FA433 /* FruitModel.swift */ = {isa = PBXFileReference; lastKnownFileType = sourcecode.swift; path = FruitModel.swift; sourceTree = "<group>"; };
		3C7DD47E2A251C03002FA433 /* FruitData.swift */ = {isa = PBXFileReference; lastKnownFileType = sourcecode.swift; path = FruitData.swift; sourceTree = "<group>"; };
		3C7DD4802A252875002FA433 /* FruitRowView.swift */ = {isa = PBXFileReference; lastKnownFileType = sourcecode.swift; path = FruitRowView.swift; sourceTree = "<group>"; };
		3C7DD4822A252CE3002FA433 /* FruitDetailView.swift */ = {isa = PBXFileReference; lastKnownFileType = sourcecode.swift; name = FruitDetailView.swift; path = Fructus/App/FruitDetailView.swift; sourceTree = SOURCE_ROOT; };
		3C7DD4842A253017002FA433 /* FruidHeaderView.swift */ = {isa = PBXFileReference; lastKnownFileType = sourcecode.swift; path = FruidHeaderView.swift; sourceTree = "<group>"; };
		3C7DD4862A253240002FA433 /* SourceLinkView.swift */ = {isa = PBXFileReference; lastKnownFileType = sourcecode.swift; path = SourceLinkView.swift; sourceTree = "<group>"; };
		3C7DD4882A253F08002FA433 /* FruitNutrientsView.swift */ = {isa = PBXFileReference; lastKnownFileType = sourcecode.swift; path = FruitNutrientsView.swift; sourceTree = "<group>"; };
		3C7DD48A2A2542D4002FA433 /* SettingsView.swift */ = {isa = PBXFileReference; lastKnownFileType = sourcecode.swift; path = SettingsView.swift; sourceTree = "<group>"; };
		3C7DD48C2A25474C002FA433 /* SettingsLabelView.swift */ = {isa = PBXFileReference; lastKnownFileType = sourcecode.swift; path = SettingsLabelView.swift; sourceTree = "<group>"; };
		3C7DD48E2A254A60002FA433 /* SettingsRowView.swift */ = {isa = PBXFileReference; lastKnownFileType = sourcecode.swift; name = SettingsRowView.swift; path = Fructus/View/SettingsRowView.swift; sourceTree = SOURCE_ROOT; };
/* End PBXFileReference section */

/* Begin PBXFrameworksBuildPhase section */
		3C7DD45E2A250E59002FA433 /* Frameworks */ = {
			isa = PBXFrameworksBuildPhase;
			buildActionMask = 2147483647;
			files = (
			);
			runOnlyForDeploymentPostprocessing = 0;
		};
/* End PBXFrameworksBuildPhase section */

/* Begin PBXGroup section */
		3C7DD4582A250E59002FA433 = {
			isa = PBXGroup;
			children = (
				3C7DD4632A250E59002FA433 /* Fructus */,
				3C7DD4622A250E59002FA433 /* Products */,
			);
			sourceTree = "<group>";
		};
		3C7DD4622A250E59002FA433 /* Products */ = {
			isa = PBXGroup;
			children = (
				3C7DD4612A250E59002FA433 /* Fructus.app */,
			);
			name = Products;
			sourceTree = "<group>";
		};
		3C7DD4632A250E59002FA433 /* Fructus */ = {
			isa = PBXGroup;
			children = (
				3C7DD47D2A251BEF002FA433 /* Data */,
				3C7DD47A2A251B05002FA433 /* Model */,
				3C7DD4732A2512D4002FA433 /* View */,
				3C7DD4722A2512A4002FA433 /* App */,
				3C7DD4682A250E5B002FA433 /* Assets.xcassets */,
				3C7DD46A2A250E5B002FA433 /* Preview Content */,
			);
			path = Fructus;
			sourceTree = "<group>";
		};
		3C7DD46A2A250E5B002FA433 /* Preview Content */ = {
			isa = PBXGroup;
			children = (
				3C7DD46B2A250E5B002FA433 /* Preview Assets.xcassets */,
			);
			path = "Preview Content";
			sourceTree = "<group>";
		};
		3C7DD4722A2512A4002FA433 /* App */ = {
			isa = PBXGroup;
			children = (
				3C7DD4822A252CE3002FA433 /* FruitDetailView.swift */,
				3C7DD4642A250E59002FA433 /* FructusApp.swift */,
				3C7DD4662A250E59002FA433 /* ContentView.swift */,
				3C7DD4782A251989002FA433 /* OnboardingView.swift */,
				3C7DD48A2A2542D4002FA433 /* SettingsView.swift */,
			);
			path = App;
			sourceTree = "<group>";
		};
		3C7DD4732A2512D4002FA433 /* View */ = {
			isa = PBXGroup;
			children = (
				3C7DD48E2A254A60002FA433 /* SettingsRowView.swift */,
				3C7DD4742A251303002FA433 /* FruitCardView.swift */,
				3C7DD4762A2516FC002FA433 /* StartButtonView.swift */,
				3C7DD4802A252875002FA433 /* FruitRowView.swift */,
				3C7DD4842A253017002FA433 /* FruidHeaderView.swift */,
				3C7DD4862A253240002FA433 /* SourceLinkView.swift */,
				3C7DD4882A253F08002FA433 /* FruitNutrientsView.swift */,
				3C7DD48C2A25474C002FA433 /* SettingsLabelView.swift */,
			);
			path = View;
			sourceTree = "<group>";
		};
		3C7DD47A2A251B05002FA433 /* Model */ = {
			isa = PBXGroup;
			children = (
				3C7DD47B2A251B1E002FA433 /* FruitModel.swift */,
			);
			path = Model;
			sourceTree = "<group>";
		};
		3C7DD47D2A251BEF002FA433 /* Data */ = {
			isa = PBXGroup;
			children = (
				3C7DD47E2A251C03002FA433 /* FruitData.swift */,
			);
			path = Data;
			sourceTree = "<group>";
		};
/* End PBXGroup section */

/* Begin PBXNativeTarget section */
		3C7DD4602A250E59002FA433 /* Fructus */ = {
			isa = PBXNativeTarget;
			buildConfigurationList = 3C7DD46F2A250E5B002FA433 /* Build configuration list for PBXNativeTarget "Fructus" */;
			buildPhases = (
				3C7DD45D2A250E59002FA433 /* Sources */,
				3C7DD45E2A250E59002FA433 /* Frameworks */,
				3C7DD45F2A250E59002FA433 /* Resources */,
			);
			buildRules = (
			);
			dependencies = (
			);
			name = Fructus;
			productName = Fructus;
			productReference = 3C7DD4612A250E59002FA433 /* Fructus.app */;
			productType = "com.apple.product-type.application";
		};
/* End PBXNativeTarget section */

/* Begin PBXProject section */
		3C7DD4592A250E59002FA433 /* Project object */ = {
			isa = PBXProject;
			attributes = {
				BuildIndependentTargetsInParallel = 1;
				LastSwiftUpdateCheck = 1430;
				LastUpgradeCheck = 1430;
				TargetAttributes = {
					3C7DD4602A250E59002FA433 = {
						CreatedOnToolsVersion = 14.3;
					};
				};
			};
			buildConfigurationList = 3C7DD45C2A250E59002FA433 /* Build configuration list for PBXProject "Fructus" */;
			compatibilityVersion = "Xcode 14.0";
			developmentRegion = en;
			hasScannedForEncodings = 0;
			knownRegions = (
				en,
				Base,
			);
			mainGroup = 3C7DD4582A250E59002FA433;
			productRefGroup = 3C7DD4622A250E59002FA433 /* Products */;
			projectDirPath = "";
			projectRoot = "";
			targets = (
				3C7DD4602A250E59002FA433 /* Fructus */,
			);
		};
/* End PBXProject section */

/* Begin PBXResourcesBuildPhase section */
		3C7DD45F2A250E59002FA433 /* Resources */ = {
			isa = PBXResourcesBuildPhase;
			buildActionMask = 2147483647;
			files = (
				3C7DD46C2A250E5B002FA433 /* Preview Assets.xcassets in Resources */,
				3C7DD4692A250E5B002FA433 /* Assets.xcassets in Resources */,
			);
			runOnlyForDeploymentPostprocessing = 0;
		};
/* End PBXResourcesBuildPhase section */

/* Begin PBXSourcesBuildPhase section */
		3C7DD45D2A250E59002FA433 /* Sources */ = {
			isa = PBXSourcesBuildPhase;
			buildActionMask = 2147483647;
			files = (
				3C7DD47F2A251C03002FA433 /* FruitData.swift in Sources */,
				3C7DD4872A253240002FA433 /* SourceLinkView.swift in Sources */,
				3C7DD48F2A254A60002FA433 /* SettingsRowView.swift in Sources */,
				3C7DD4752A251303002FA433 /* FruitCardView.swift in Sources */,
				3C7DD4852A253017002FA433 /* FruidHeaderView.swift in Sources */,
				3C7DD4892A253F08002FA433 /* FruitNutrientsView.swift in Sources */,
				3C7DD4812A252875002FA433 /* FruitRowView.swift in Sources */,
				3C7DD4772A2516FC002FA433 /* StartButtonView.swift in Sources */,
				3C7DD4832A252CE3002FA433 /* FruitDetailView.swift in Sources */,
				3C7DD4672A250E59002FA433 /* ContentView.swift in Sources */,
				3C7DD4792A251989002FA433 /* OnboardingView.swift in Sources */,
				3C7DD48D2A25474C002FA433 /* SettingsLabelView.swift in Sources */,
				3C7DD47C2A251B1E002FA433 /* FruitModel.swift in Sources */,
				3C7DD4652A250E59002FA433 /* FructusApp.swift in Sources */,
				3C7DD48B2A2542D4002FA433 /* SettingsView.swift in Sources */,
			);
			runOnlyForDeploymentPostprocessing = 0;
		};
/* End PBXSourcesBuildPhase section */

/* Begin XCBuildConfiguration section */
		3C7DD46D2A250E5B002FA433 /* Debug */ = {
			isa = XCBuildConfiguration;
			buildSettings = {
				ALWAYS_SEARCH_USER_PATHS = NO;
				CLANG_ANALYZER_NONNULL = YES;
				CLANG_ANALYZER_NUMBER_OBJECT_CONVERSION = YES_AGGRESSIVE;
				CLANG_CXX_LANGUAGE_STANDARD = "gnu++20";
				CLANG_ENABLE_MODULES = YES;
				CLANG_ENABLE_OBJC_ARC = YES;
				CLANG_ENABLE_OBJC_WEAK = YES;
				CLANG_WARN_BLOCK_CAPTURE_AUTORELEASING = YES;
				CLANG_WARN_BOOL_CONVERSION = YES;
				CLANG_WARN_COMMA = YES;
				CLANG_WARN_CONSTANT_CONVERSION = YES;
				CLANG_WARN_DEPRECATED_OBJC_IMPLEMENTATIONS = YES;
				CLANG_WARN_DIRECT_OBJC_ISA_USAGE = YES_ERROR;
				CLANG_WARN_DOCUMENTATION_COMMENTS = YES;
				CLANG_WARN_EMPTY_BODY = YES;
				CLANG_WARN_ENUM_CONVERSION = YES;
				CLANG_WARN_INFINITE_RECURSION = YES;
				CLANG_WARN_INT_CONVERSION = YES;
				CLANG_WARN_NON_LITERAL_NULL_CONVERSION = YES;
				CLANG_WARN_OBJC_IMPLICIT_RETAIN_SELF = YES;
				CLANG_WARN_OBJC_LITERAL_CONVERSION = YES;
				CLANG_WARN_OBJC_ROOT_CLASS = YES_ERROR;
				CLANG_WARN_QUOTED_INCLUDE_IN_FRAMEWORK_HEADER = YES;
				CLANG_WARN_RANGE_LOOP_ANALYSIS = YES;
				CLANG_WARN_STRICT_PROTOTYPES = YES;
				CLANG_WARN_SUSPICIOUS_MOVE = YES;
				CLANG_WARN_UNGUARDED_AVAILABILITY = YES_AGGRESSIVE;
				CLANG_WARN_UNREACHABLE_CODE = YES;
				CLANG_WARN__DUPLICATE_METHOD_MATCH = YES;
				COPY_PHASE_STRIP = NO;
				DEBUG_INFORMATION_FORMAT = dwarf;
				ENABLE_STRICT_OBJC_MSGSEND = YES;
				ENABLE_TESTABILITY = YES;
				GCC_C_LANGUAGE_STANDARD = gnu11;
				GCC_DYNAMIC_NO_PIC = NO;
				GCC_NO_COMMON_BLOCKS = YES;
				GCC_OPTIMIZATION_LEVEL = 0;
				GCC_PREPROCESSOR_DEFINITIONS = (
					"DEBUG=1",
					"$(inherited)",
				);
				GCC_WARN_64_TO_32_BIT_CONVERSION = YES;
				GCC_WARN_ABOUT_RETURN_TYPE = YES_ERROR;
				GCC_WARN_UNDECLARED_SELECTOR = YES;
				GCC_WARN_UNINITIALIZED_AUTOS = YES_AGGRESSIVE;
				GCC_WARN_UNUSED_FUNCTION = YES;
				GCC_WARN_UNUSED_VARIABLE = YES;
				IPHONEOS_DEPLOYMENT_TARGET = 16.4;
				MTL_ENABLE_DEBUG_INFO = INCLUDE_SOURCE;
				MTL_FAST_MATH = YES;
				ONLY_ACTIVE_ARCH = YES;
				SDKROOT = iphoneos;
				SWIFT_ACTIVE_COMPILATION_CONDITIONS = DEBUG;
				SWIFT_OPTIMIZATION_LEVEL = "-Onone";
			};
			name = Debug;
		};
		3C7DD46E2A250E5B002FA433 /* Release */ = {
			isa = XCBuildConfiguration;
			buildSettings = {
				ALWAYS_SEARCH_USER_PATHS = NO;
				CLANG_ANALYZER_NONNULL = YES;
				CLANG_ANALYZER_NUMBER_OBJECT_CONVERSION = YES_AGGRESSIVE;
				CLANG_CXX_LANGUAGE_STANDARD = "gnu++20";
				CLANG_ENABLE_MODULES = YES;
				CLANG_ENABLE_OBJC_ARC = YES;
				CLANG_ENABLE_OBJC_WEAK = YES;
				CLANG_WARN_BLOCK_CAPTURE_AUTORELEASING = YES;
				CLANG_WARN_BOOL_CONVERSION = YES;
				CLANG_WARN_COMMA = YES;
				CLANG_WARN_CONSTANT_CONVERSION = YES;
				CLANG_WARN_DEPRECATED_OBJC_IMPLEMENTATIONS = YES;
				CLANG_WARN_DIRECT_OBJC_ISA_USAGE = YES_ERROR;
				CLANG_WARN_DOCUMENTATION_COMMENTS = YES;
				CLANG_WARN_EMPTY_BODY = YES;
				CLANG_WARN_ENUM_CONVERSION = YES;
				CLANG_WARN_INFINITE_RECURSION = YES;
				CLANG_WARN_INT_CONVERSION = YES;
				CLANG_WARN_NON_LITERAL_NULL_CONVERSION = YES;
				CLANG_WARN_OBJC_IMPLICIT_RETAIN_SELF = YES;
				CLANG_WARN_OBJC_LITERAL_CONVERSION = YES;
				CLANG_WARN_OBJC_ROOT_CLASS = YES_ERROR;
				CLANG_WARN_QUOTED_INCLUDE_IN_FRAMEWORK_HEADER = YES;
				CLANG_WARN_RANGE_LOOP_ANALYSIS = YES;
				CLANG_WARN_STRICT_PROTOTYPES = YES;
				CLANG_WARN_SUSPICIOUS_MOVE = YES;
				CLANG_WARN_UNGUARDED_AVAILABILITY = YES_AGGRESSIVE;
				CLANG_WARN_UNREACHABLE_CODE = YES;
				CLANG_WARN__DUPLICATE_METHOD_MATCH = YES;
				COPY_PHASE_STRIP = NO;
				DEBUG_INFORMATION_FORMAT = "dwarf-with-dsym";
				ENABLE_NS_ASSERTIONS = NO;
				ENABLE_STRICT_OBJC_MSGSEND = YES;
				GCC_C_LANGUAGE_STANDARD = gnu11;
				GCC_NO_COMMON_BLOCKS = YES;
				GCC_WARN_64_TO_32_BIT_CONVERSION = YES;
				GCC_WARN_ABOUT_RETURN_TYPE = YES_ERROR;
				GCC_WARN_UNDECLARED_SELECTOR = YES;
				GCC_WARN_UNINITIALIZED_AUTOS = YES_AGGRESSIVE;
				GCC_WARN_UNUSED_FUNCTION = YES;
				GCC_WARN_UNUSED_VARIABLE = YES;
				IPHONEOS_DEPLOYMENT_TARGET = 16.4;
				MTL_ENABLE_DEBUG_INFO = NO;
				MTL_FAST_MATH = YES;
				SDKROOT = iphoneos;
				SWIFT_COMPILATION_MODE = wholemodule;
				SWIFT_OPTIMIZATION_LEVEL = "-O";
				VALIDATE_PRODUCT = YES;
			};
			name = Release;
		};
		3C7DD4702A250E5B002FA433 /* Debug */ = {
			isa = XCBuildConfiguration;
			buildSettings = {
				ASSETCATALOG_COMPILER_APPICON_NAME = AppIcon;
				ASSETCATALOG_COMPILER_GLOBAL_ACCENT_COLOR_NAME = AccentColor;
				CODE_SIGN_STYLE = Automatic;
				CURRENT_PROJECT_VERSION = 1;
				DEVELOPMENT_ASSET_PATHS = "\"Fructus/Preview Content\"";
				DEVELOPMENT_TEAM = 5N7Y34SGJE;
				ENABLE_PREVIEWS = YES;
				GENERATE_INFOPLIST_FILE = YES;
				INFOPLIST_KEY_UIApplicationSceneManifest_Generation = YES;
				INFOPLIST_KEY_UIApplicationSupportsIndirectInputEvents = YES;
				INFOPLIST_KEY_UILaunchScreen_Generation = YES;
				INFOPLIST_KEY_UISupportedInterfaceOrientations = UIInterfaceOrientationPortrait;
				LD_RUNPATH_SEARCH_PATHS = (
					"$(inherited)",
					"@executable_path/Frameworks",
				);
				MARKETING_VERSION = 1.0;
				PRODUCT_BUNDLE_IDENTIFIER = com.instinctive.solutions.Fructus;
				PRODUCT_NAME = "$(TARGET_NAME)";
				SWIFT_EMIT_LOC_STRINGS = YES;
				SWIFT_VERSION = 5.0;
				TARGETED_DEVICE_FAMILY = "1,2";
			};
			name = Debug;
		};
		3C7DD4712A250E5B002FA433 /* Release */ = {
			isa = XCBuildConfiguration;
			buildSettings = {
				ASSETCATALOG_COMPILER_APPICON_NAME = AppIcon;
				ASSETCATALOG_COMPILER_GLOBAL_ACCENT_COLOR_NAME = AccentColor;
				CODE_SIGN_STYLE = Automatic;
				CURRENT_PROJECT_VERSION = 1;
				DEVELOPMENT_ASSET_PATHS = "\"Fructus/Preview Content\"";
				DEVELOPMENT_TEAM = 5N7Y34SGJE;
				ENABLE_PREVIEWS = YES;
				GENERATE_INFOPLIST_FILE = YES;
				INFOPLIST_KEY_UIApplicationSceneManifest_Generation = YES;
				INFOPLIST_KEY_UIApplicationSupportsIndirectInputEvents = YES;
				INFOPLIST_KEY_UILaunchScreen_Generation = YES;
				INFOPLIST_KEY_UISupportedInterfaceOrientations = UIInterfaceOrientationPortrait;
				LD_RUNPATH_SEARCH_PATHS = (
					"$(inherited)",
					"@executable_path/Frameworks",
				);
				MARKETING_VERSION = 1.0;
				PRODUCT_BUNDLE_IDENTIFIER = com.instinctive.solutions.Fructus;
				PRODUCT_NAME = "$(TARGET_NAME)";
				SWIFT_EMIT_LOC_STRINGS = YES;
				SWIFT_VERSION = 5.0;
				TARGETED_DEVICE_FAMILY = "1,2";
			};
			name = Release;
		};
/* End XCBuildConfiguration section */

/* Begin XCConfigurationList section */
		3C7DD45C2A250E59002FA433 /* Build configuration list for PBXProject "Fructus" */ = {
			isa = XCConfigurationList;
			buildConfigurations = (
				3C7DD46D2A250E5B002FA433 /* Debug */,
				3C7DD46E2A250E5B002FA433 /* Release */,
			);
			defaultConfigurationIsVisible = 0;
			defaultConfigurationName = Release;
		};
		3C7DD46F2A250E5B002FA433 /* Build configuration list for PBXNativeTarget "Fructus" */ = {
			isa = XCConfigurationList;
			buildConfigurations = (
				3C7DD4702A250E5B002FA433 /* Debug */,
				3C7DD4712A250E5B002FA433 /* Release */,
			);
			defaultConfigurationIsVisible = 0;
			defaultConfigurationName = Release;
		};
/* End XCConfigurationList section */
	};
	rootObject = 3C7DD4592A250E59002FA433 /* Project object */;
}
